
Microsoft Visual Studio Solution File, Format Version 12.00
# Visual Studio Version 17
VisualStudioVersion = 17.7.34003.232
MinimumVisualStudioVersion = 10.0.40219.1
Project("{F2A71F9B-5D33-465A-A702-920D77279786}") = "NoBreadForMagaFrontent", "NoBreadForMagaFrontent\NoBreadForMagaFrontent.fsproj", "{318977DF-35E1-4B15-B7DB-47B699946C99}"
EndProject
Global
	GlobalSection(SolutionConfigurationPlatforms) = preSolution
		Debug|Any CPU = Debug|Any CPU
		Release|Any CPU = Release|Any CPU
	EndGlobalSection
	GlobalSection(ProjectConfigurationPlatforms) = postSolution
		{318977DF-35E1-4B15-B7DB-47B699946C99}.Debug|Any CPU.ActiveCfg = Debug|Any CPU
		{318977DF-35E1-4B15-B7DB-47B699946C99}.Debug|Any CPU.Build.0 = Debug|Any CPU
		{318977DF-35E1-4B15-B7DB-47B699946C99}.Release|Any CPU.ActiveCfg = Release|Any CPU
		{318977DF-35E1-4B15-B7DB-47B699946C99}.Release|Any CPU.Build.0 = Release|Any CPU
	EndGlobalSection
	GlobalSection(SolutionProperties) = preSolution
		HideSolutionNode = FALSE
	EndGlobalSection
	GlobalSection(ExtensibilityGlobals) = postSolution
		SolutionGuid = {2C6D5844-0187-4D32-AA27-8A6A43583F95}
	EndGlobalSection
EndGlobal
